<?xml version="1.0" encoding="utf-8"?>
<Project ToolsVersion="4.0" xmlns="http://schemas.microsoft.com/developer/msbuild/2003">
  <ItemGroup>
    <Filter Include="Source Files">
      <UniqueIdentifier>{4FC737F1-C7A5-4376-A066-2A32D752A2FF}</UniqueIdentifier>
      <Extensions>cpp;c;cc;cxx;def;odl;idl;hpj;bat;asm;asmx</Extensions>
    </Filter>
    <Filter Include="Resource Files">
      <UniqueIdentifier>{67DA6AB6-F800-4c08-8B7A-83BB121AAD01}</UniqueIdentifier>
      <Extensions>rc;ico;cur;bmp;dlg;rc2;rct;bin;rgs;gif;jpg;jpeg;jpe;resx;tiff;tif;png;wav</Extensions>
    </Filter>
    <Filter Include="Source Files\lib">
      <UniqueIdentifier>{d88f9497-04b6-43d1-82a1-9abed2faf13a}</UniqueIdentifier>
    </Filter>
    <Filter Include="Source Files\algos">
      <UniqueIdentifier>{31355a2e-af3a-4aa3-be9b-3ece4255367c}</UniqueIdentifier>
    </Filter>
  </ItemGroup>
  <ItemGroup>
    <ClCompile Include="..\src\StdAfx.cpp">
      <Filter>Source Files</Filter>
    </ClCompile>
    <ClCompile Include="..\src\picopng.cpp">
      <Filter>Source Files\lib</Filter>
    </ClCompile>
    <ClCompile Include="..\src\colorspaces.cpp">
      <Filter>Source Files\lib</Filter>
    </ClCompile>
    <ClCompile Include="..\src\Dragging.cpp">
      <Filter>Source Files\lib</Filter>
    </ClCompile>
    <ClCompile Include="..\src\gl.cpp">
      <Filter>Source Files\lib</Filter>
    </ClCompile>
    <ClCompile Include="..\src\app.cpp">
      <Filter>Source Files</Filter>
    </ClCompile>
    <ClCompile Include="..\src\median.cpp">
      <Filter>Source Files\algos</Filter>
    </ClCompile>
    <ClCompile Include="..\src\getOpt.cpp">
      <Filter>Source Files\lib</Filter>
    </ClCompile>
    <ClCompile Include="..\src\util.cpp">
      <Filter>Source Files\lib</Filter>
    </ClCompile>
    <ClCompile Include="..\src\fastpow.cpp">
      <Filter>Source Files\lib</Filter>
    </ClCompile>
    <ClCompile Include="..\src\misc.cpp">
      <Filter>Source Files\lib</Filter>
    </ClCompile>
    <ClCompile Include="..\src\expblur.cpp">
      <Filter>Source Files</Filter>
    </ClCompile>
    <ClCompile Include="..\src\render.cpp">
      <Filter>Source Files</Filter>
    </ClCompile>
    <ClCompile Include="..\src\global.cpp">
      <Filter>Source Files</Filter>
    </ClCompile>
    <ClCompile Include="..\src\input.cpp">
      <Filter>Source Files</Filter>
    </ClCompile>
    <ClCompile Include="..\src\profiling.cpp">
      <Filter>Source Files\lib</Filter>
    </ClCompile>
    <ClCompile Include="..\src\init.cpp">
      <Filter>Source Files</Filter>
    </ClCompile>
  </ItemGroup>
  <ItemGroup>
    <ClInclude Include="..\src\getOpt.h">
      <Filter>Source Files\lib</Filter>
    </ClInclude>
    <ClInclude Include="..\src\colorspaces.h">
      <Filter>Source Files\lib</Filter>
    </ClInclude>
    <ClInclude Include="..\src\gl.h">
      <Filter>Source Files\lib</Filter>
    </ClInclude>
    <ClInclude Include="..\src\picopng.h">
      <Filter>Source Files\lib</Filter>
    </ClInclude>
    <ClInclude Include="..\include\Resources.h">
      <Filter>Source Files\lib</Filter>
    </ClInclude>
    <ClInclude Include="..\src\sat.h">
      <Filter>Source Files\lib</Filter>
    </ClInclude>
    <ClInclude Include="..\src\StdAfx.h">
      <Filter>Source Files\lib</Filter>
    </ClInclude>
    <ClInclude Include="..\src\types.h">
      <Filter>Source Files\lib</Filter>
    </ClInclude>
    <ClInclude Include="..\src\util.h">
      <Filter>Source Files\lib</Filter>
    </ClInclude>
    <ClInclude Include="..\src\Dragging.h">
      <Filter>Source Files\lib</Filter>
    </ClInclude>
    <ClInclude Include="..\src\median.h">
      <Filter>Source Files\algos</Filter>
    </ClInclude>
    <ClInclude Include="..\src\profiling.h">
      <Filter>Source Files\lib</Filter>
    </ClInclude>
    <ClInclude Include="..\src\fastpow.h">
      <Filter>Source Files\lib</Filter>
    </ClInclude>
    <ClInclude Include="..\src\fastpow2.h">
      <Filter>Source Files\lib</Filter>
    </ClInclude>
    <ClInclude Include="..\src\misc.h">
      <Filter>Source Files\lib</Filter>
    </ClInclude>
    <ClInclude Include="..\src\fftwrap.h">
      <Filter>Source Files\lib</Filter>
    </ClInclude>
    <ClInclude Include="..\src\expblur.h">
      <Filter>Source Files</Filter>
    </ClInclude>
    <ClInclude Include="..\src\D.h">
      <Filter>Source Files</Filter>
    </ClInclude>
    <ClInclude Include="..\src\render.h">
      <Filter>Source Files</Filter>
    </ClInclude>
    <ClInclude Include="..\src\global.h">
      <Filter>Source Files</Filter>
    </ClInclude>
    <ClInclude Include="..\src\input.h">
      <Filter>Source Files</Filter>
    </ClInclude>
    <ClInclude Include="..\src\init.h">
      <Filter>Source Files</Filter>
    </ClInclude>
  </ItemGroup>
  <ItemGroup>
    <ResourceCompile Include="Resources.rc">
      <Filter>Resource Files</Filter>
    </ResourceCompile>
  </ItemGroup>
  <ItemGroup>
    <None Include="old stuff.txt">
      <Filter>Source Files</Filter>
    </None>
  </ItemGroup>
</Project>